
Microsoft Visual Studio Solution File, Format Version 12.00
# Visual Studio Version 16
VisualStudioVersion = 16.0.29613.14
MinimumVisualStudioVersion = 10.0.40219.1
Project("{8BC9CEB8-8B4A-11D0-8D11-00A0C91BC942}") = "Dot Matrix", "Dot Matrix\Dot Matrix.vcxproj", "{AF3C0D50-2FBC-4FB1-9125-958FB3011F0F}"
EndProject
Project("{8BC9CEB8-8B4A-11D0-8D11-00A0C91BC942}") = "Testing", "Testing\Testing.vcxproj", "{D25DE168-E902-498E-A2F5-F1CCA4578B2A}"
EndProject
Global
	GlobalSection(SolutionConfigurationPlatforms) = preSolution
		Debug|x64 = Debug|x64
		Debug|x86 = Debug|x86
		Release|x64 = Release|x64
		Release|x86 = Release|x86
	EndGlobalSection
	GlobalSection(ProjectConfigurationPlatforms) = postSolution
		{AF3C0D50-2FBC-4FB1-9125-958FB3011F0F}.Debug|x64.ActiveCfg = Debug|x64
		{AF3C0D50-2FBC-4FB1-9125-958FB3011F0F}.Debug|x64.Build.0 = Debug|x64
		{AF3C0D50-2FBC-4FB1-9125-958FB3011F0F}.Debug|x86.ActiveCfg = Debug|x64
		{AF3C0D50-2FBC-4FB1-9125-958FB3011F0F}.Release|x64.ActiveCfg = Release|x64
		{AF3C0D50-2FBC-4FB1-9125-958FB3011F0F}.Release|x64.Build.0 = Release|x64
		{AF3C0D50-2FBC-4FB1-9125-958FB3011F0F}.Release|x86.ActiveCfg = Release|x64
		{D25DE168-E902-498E-A2F5-F1CCA4578B2A}.Debug|x64.ActiveCfg = Debug|x64
		{D25DE168-E902-498E-A2F5-F1CCA4578B2A}.Debug|x64.Build.0 = Debug|x64
		{D25DE168-E902-498E-A2F5-F1CCA4578B2A}.Debug|x86.ActiveCfg = Debug|Win32
		{D25DE168-E902-498E-A2F5-F1CCA4578B2A}.Debug|x86.Build.0 = Debug|Win32
		{D25DE168-E902-498E-A2F5-F1CCA4578B2A}.Release|x64.ActiveCfg = Release|x64
		{D25DE168-E902-498E-A2F5-F1CCA4578B2A}.Release|x64.Build.0 = Release|x64
		{D25DE168-E902-498E-A2F5-F1CCA4578B2A}.Release|x86.ActiveCfg = Release|Win32
		{D25DE168-E902-498E-A2F5-F1CCA4578B2A}.Release|x86.Build.0 = Release|Win32
	EndGlobalSection
	GlobalSection(SolutionProperties) = preSolution
		HideSolutionNode = FALSE
	EndGlobalSection
	GlobalSection(ExtensibilityGlobals) = postSolution
		SolutionGuid = {78B74285-440D-4A9A-B836-48459A524361}
	EndGlobalSection
EndGlobal
